
Microsoft Visual Studio Solution File, Format Version 12.00
# Visual Studio Version 17
VisualStudioVersion = 17.4.33403.182
MinimumVisualStudioVersion = 10.0.40219.1
Project("{FAE04EC0-301F-11D3-BF4B-00C04F79EFBC}") = "WpfTinyUtils", "WpfTinyUtils\WpfTinyUtils.csproj", "{106C46EE-58DD-45E8-9904-AE83DBFB8EAF}"
EndProject
Global
	GlobalSection(SolutionConfigurationPlatforms) = preSolution
		Debug|Any CPU = Debug|Any CPU
		Release|Any CPU = Release|Any CPU
	EndGlobalSection
	GlobalSection(ProjectConfigurationPlatforms) = postSolution
		{106C46EE-58DD-45E8-9904-AE83DBFB8EAF}.Debug|Any CPU.ActiveCfg = Debug|Any CPU
		{106C46EE-58DD-45E8-9904-AE83DBFB8EAF}.Debug|Any CPU.Build.0 = Debug|Any CPU
		{106C46EE-58DD-45E8-9904-AE83DBFB8EAF}.Release|Any CPU.ActiveCfg = Release|Any CPU
		{106C46EE-58DD-45E8-9904-AE83DBFB8EAF}.Release|Any CPU.Build.0 = Release|Any CPU
	EndGlobalSection
	GlobalSection(SolutionProperties) = preSolution
		HideSolutionNode = FALSE
	EndGlobalSection
	GlobalSection(ExtensibilityGlobals) = postSolution
		SolutionGuid = {30203672-63DC-4D85-BBAB-3BAD6E8B4A02}
	EndGlobalSection
EndGlobal
